// !$*UTF8*$!
{
	archiveVersion = 1;
	classes = {
	};
	objectVersion = 50;
	objects = {

/* Begin PBXBuildFile section */
		0E2B172C2542894600A69A23 /* AppDelegate.swift in Sources */ = {isa = PBXBuildFile; fileRef = 0E2B172B2542894600A69A23 /* AppDelegate.swift */; };
		0E2B172E2542894600A69A23 /* SceneDelegate.swift in Sources */ = {isa = PBXBuildFile; fileRef = 0E2B172D2542894600A69A23 /* SceneDelegate.swift */; };
		0E2B17302542894600A69A23 /* ViewController.swift in Sources */ = {isa = PBXBuildFile; fileRef = 0E2B172F2542894600A69A23 /* ViewController.swift */; };
		0E2B17332542894600A69A23 /* Main.storyboard in Resources */ = {isa = PBXBuildFile; fileRef = 0E2B17312542894600A69A23 /* Main.storyboard */; };
		0E2B17352542894700A69A23 /* Assets.xcassets in Resources */ = {isa = PBXBuildFile; fileRef = 0E2B17342542894700A69A23 /* Assets.xcassets */; };
		0E2B17382542894700A69A23 /* LaunchScreen.storyboard in Resources */ = {isa = PBXBuildFile; fileRef = 0E2B17362542894700A69A23 /* LaunchScreen.storyboard */; };
		0E2B17432542894700A69A23 /* _23Tests.swift in Sources */ = {isa = PBXBuildFile; fileRef = 0E2B17422542894700A69A23 /* _23Tests.swift */; };
		0E2B174E2542894700A69A23 /* _23UITests.swift in Sources */ = {isa = PBXBuildFile; fileRef = 0E2B174D2542894700A69A23 /* _23UITests.swift */; };
		0E2B175F254289CC00A69A23 /* mViewController.swift in Sources */ = {isa = PBXBuildFile; fileRef = 0E2B175E254289CC00A69A23 /* mViewController.swift */; };
/* End PBXBuildFile section */

/* Begin PBXContainerItemProxy section */
		0E2B173F2542894700A69A23 /* PBXContainerItemProxy */ = {
			isa = PBXContainerItemProxy;
			containerPortal = 0E2B17202542894600A69A23 /* Project object */;
			proxyType = 1;
			remoteGlobalIDString = 0E2B17272542894600A69A23;
			remoteInfo = 123;
		};
		0E2B174A2542894700A69A23 /* PBXContainerItemProxy */ = {
			isa = PBXContainerItemProxy;
			containerPortal = 0E2B17202542894600A69A23 /* Project object */;
			proxyType = 1;
			remoteGlobalIDString = 0E2B17272542894600A69A23;
			remoteInfo = 123;
		};
/* End PBXContainerItemProxy section */

/* Begin PBXFileReference section */
		0E2B17282542894600A69A23 /* 123.app */ = {isa = PBXFileReference; explicitFileType = wrapper.application; includeInIndex = 0; path = 123.app; sourceTree = BUILT_PRODUCTS_DIR; };
		0E2B172B2542894600A69A23 /* AppDelegate.swift */ = {isa = PBXFileReference; lastKnownFileType = sourcecode.swift; path = AppDelegate.swift; sourceTree = "<group>"; };
		0E2B172D2542894600A69A23 /* SceneDelegate.swift */ = {isa = PBXFileReference; lastKnownFileType = sourcecode.swift; path = SceneDelegate.swift; sourceTree = "<group>"; };
		0E2B172F2542894600A69A23 /* ViewController.swift */ = {isa = PBXFileReference; lastKnownFileType = sourcecode.swift; path = ViewController.swift; sourceTree = "<group>"; };
		0E2B17322542894600A69A23 /* Base */ = {isa = PBXFileReference; lastKnownFileType = file.storyboard; name = Base; path = Base.lproj/Main.storyboard; sourceTree = "<group>"; };
		0E2B17342542894700A69A23 /* Assets.xcassets */ = {isa = PBXFileReference; lastKnownFileType = folder.assetcatalog; path = Assets.xcassets; sourceTree = "<group>"; };
		0E2B17372542894700A69A23 /* Base */ = {isa = PBXFileReference; lastKnownFileType = file.storyboard; name = Base; path = Base.lproj/LaunchScreen.storyboard; sourceTree = "<group>"; };
		0E2B17392542894700A69A23 /* Info.plist */ = {isa = PBXFileReference; lastKnownFileType = text.plist.xml; path = Info.plist; sourceTree = "<group>"; };
		0E2B173E2542894700A69A23 /* 123Tests.xctest */ = {isa = PBXFileReference; explicitFileType = wrapper.cfbundle; includeInIndex = 0; path = 123Tests.xctest; sourceTree = BUILT_PRODUCTS_DIR; };
		0E2B17422542894700A69A23 /* _23Tests.swift */ = {isa = PBXFileReference; lastKnownFileType = sourcecode.swift; path = _23Tests.swift; sourceTree = "<group>"; };
		0E2B17442542894700A69A23 /* Info.plist */ = {isa = PBXFileReference; lastKnownFileType = text.plist.xml; path = Info.plist; sourceTree = "<group>"; };
		0E2B17492542894700A69A23 /* 123UITests.xctest */ = {isa = PBXFileReference; explicitFileType = wrapper.cfbundle; includeInIndex = 0; path = 123UITests.xctest; sourceTree = BUILT_PRODUCTS_DIR; };
		0E2B174D2542894700A69A23 /* _23UITests.swift */ = {isa = PBXFileReference; lastKnownFileType = sourcecode.swift; path = _23UITests.swift; sourceTree = "<group>"; };
		0E2B174F2542894700A69A23 /* Info.plist */ = {isa = PBXFileReference; lastKnownFileType = text.plist.xml; path = Info.plist; sourceTree = "<group>"; };
		0E2B175E254289CC00A69A23 /* mViewController.swift */ = {isa = PBXFileReference; lastKnownFileType = sourcecode.swift; path = mViewController.swift; sourceTree = "<group>"; };
/* End PBXFileReference section */

/* Begin PBXFrameworksBuildPhase section */
		0E2B17252542894600A69A23 /* Frameworks */ = {
			isa = PBXFrameworksBuildPhase;
			buildActionMask = 2147483647;
			files = (
			);
			runOnlyForDeploymentPostprocessing = 0;
		};
		0E2B173B2542894700A69A23 /* Frameworks */ = {
			isa = PBXFrameworksBuildPhase;
			buildActionMask = 2147483647;
			files = (
			);
			runOnlyForDeploymentPostprocessing = 0;
		};
		0E2B17462542894700A69A23 /* Frameworks */ = {
			isa = PBXFrameworksBuildPhase;
			buildActionMask = 2147483647;
			files = (
			);
			runOnlyForDeploymentPostprocessing = 0;
		};
/* End PBXFrameworksBuildPhase section */

/* Begin PBXGroup section */
		0E2B171F2542894600A69A23 = {
			isa = PBXGroup;
			children = (
				0E2B172A2542894600A69A23 /* 123 */,
				0E2B17412542894700A69A23 /* 123Tests */,
				0E2B174C2542894700A69A23 /* 123UITests */,
				0E2B17292542894600A69A23 /* Products */,
			);
			sourceTree = "<group>";
		};
		0E2B17292542894600A69A23 /* Products */ = {
			isa = PBXGroup;
			children = (
				0E2B17282542894600A69A23 /* 123.app */,
				0E2B173E2542894700A69A23 /* 123Tests.xctest */,
				0E2B17492542894700A69A23 /* 123UITests.xctest */,
			);
			name = Products;
			sourceTree = "<group>";
		};
		0E2B172A2542894600A69A23 /* 123 */ = {
			isa = PBXGroup;
			children = (
				0E2B172B2542894600A69A23 /* AppDelegate.swift */,
				0E2B172D2542894600A69A23 /* SceneDelegate.swift */,
				0E2B172F2542894600A69A23 /* ViewController.swift */,
				0E2B17312542894600A69A23 /* Main.storyboard */,
				0E2B17342542894700A69A23 /* Assets.xcassets */,
				0E2B17362542894700A69A23 /* LaunchScreen.storyboard */,
				0E2B17392542894700A69A23 /* Info.plist */,
				0E2B175E254289CC00A69A23 /* mViewController.swift */,
			);
			path = 123;
			sourceTree = "<group>";
		};
		0E2B17412542894700A69A23 /* 123Tests */ = {
			isa = PBXGroup;
			children = (
				0E2B17422542894700A69A23 /* _23Tests.swift */,
				0E2B17442542894700A69A23 /* Info.plist */,
			);
			path = 123Tests;
			sourceTree = "<group>";
		};
		0E2B174C2542894700A69A23 /* 123UITests */ = {
			isa = PBXGroup;
			children = (
				0E2B174D2542894700A69A23 /* _23UITests.swift */,
				0E2B174F2542894700A69A23 /* Info.plist */,
			);
			path = 123UITests;
			sourceTree = "<group>";
		};
/* End PBXGroup section */

/* Begin PBXNativeTarget section */
		0E2B17272542894600A69A23 /* 123 */ = {
			isa = PBXNativeTarget;
			buildConfigurationList = 0E2B17522542894700A69A23 /* Build configuration list for PBXNativeTarget "123" */;
			buildPhases = (
				0E2B17242542894600A69A23 /* Sources */,
				0E2B17252542894600A69A23 /* Frameworks */,
				0E2B17262542894600A69A23 /* Resources */,
			);
			buildRules = (
			);
			dependencies = (
			);
			name = 123;
			productName = 123;
			productReference = 0E2B17282542894600A69A23 /* 123.app */;
			productType = "com.apple.product-type.application";
		};
		0E2B173D2542894700A69A23 /* 123Tests */ = {
			isa = PBXNativeTarget;
			buildConfigurationList = 0E2B17552542894700A69A23 /* Build configuration list for PBXNativeTarget "123Tests" */;
			buildPhases = (
				0E2B173A2542894700A69A23 /* Sources */,
				0E2B173B2542894700A69A23 /* Frameworks */,
				0E2B173C2542894700A69A23 /* Resources */,
			);
			buildRules = (
			);
			dependencies = (
				0E2B17402542894700A69A23 /* PBXTargetDependency */,
			);
			name = 123Tests;
			productName = 123Tests;
			productReference = 0E2B173E2542894700A69A23 /* 123Tests.xctest */;
			productType = "com.apple.product-type.bundle.unit-test";
		};
		0E2B17482542894700A69A23 /* 123UITests */ = {
			isa = PBXNativeTarget;
			buildConfigurationList = 0E2B17582542894700A69A23 /* Build configuration list for PBXNativeTarget "123UITests" */;
			buildPhases = (
				0E2B17452542894700A69A23 /* Sources */,
				0E2B17462542894700A69A23 /* Frameworks */,
				0E2B17472542894700A69A23 /* Resources */,
			);
			buildRules = (
			);
			dependencies = (
				0E2B174B2542894700A69A23 /* PBXTargetDependency */,
			);
			name = 123UITests;
			productName = 123UITests;
			productReference = 0E2B17492542894700A69A23 /* 123UITests.xctest */;
			productType = "com.apple.product-type.bundle.ui-testing";
		};
/* End PBXNativeTarget section */

/* Begin PBXProject section */
		0E2B17202542894600A69A23 /* Project object */ = {
			isa = PBXProject;
			attributes = {
				LastSwiftUpdateCheck = 1200;
				LastUpgradeCheck = 1200;
				TargetAttributes = {
					0E2B17272542894600A69A23 = {
						CreatedOnToolsVersion = 12.0;
					};
					0E2B173D2542894700A69A23 = {
						CreatedOnToolsVersion = 12.0;
						TestTargetID = 0E2B17272542894600A69A23;
					};
					0E2B17482542894700A69A23 = {
						CreatedOnToolsVersion = 12.0;
						TestTargetID = 0E2B17272542894600A69A23;
					};
				};
			};
			buildConfigurationList = 0E2B17232542894600A69A23 /* Build configuration list for PBXProject "123" */;
			compatibilityVersion = "Xcode 9.3";
			developmentRegion = en;
			hasScannedForEncodings = 0;
			knownRegions = (
				en,
				Base,
			);
			mainGroup = 0E2B171F2542894600A69A23;
			productRefGroup = 0E2B17292542894600A69A23 /* Products */;
			projectDirPath = "";
			projectRoot = "";
			targets = (
				0E2B17272542894600A69A23 /* 123 */,
				0E2B173D2542894700A69A23 /* 123Tests */,
				0E2B17482542894700A69A23 /* 123UITests */,
			);
		};
/* End PBXProject section */

/* Begin PBXResourcesBuildPhase section */
		0E2B17262542894600A69A23 /* Resources */ = {
			isa = PBXResourcesBuildPhase;
			buildActionMask = 2147483647;
			files = (
				0E2B17382542894700A69A23 /* LaunchScreen.storyboard in Resources */,
				0E2B17352542894700A69A23 /* Assets.xcassets in Resources */,
				0E2B17332542894600A69A23 /* Main.storyboard in Resources */,
			);
			runOnlyForDeploymentPostprocessing = 0;
		};
		0E2B173C2542894700A69A23 /* Resources */ = {
			isa = PBXResourcesBuildPhase;
			buildActionMask = 2147483647;
			files = (
			);
			runOnlyForDeploymentPostprocessing = 0;
		};
		0E2B17472542894700A69A23 /* Resources */ = {
			isa = PBXResourcesBuildPhase;
			buildActionMask = 2147483647;
			files = (
			);
			runOnlyForDeploymentPostprocessing = 0;
		};
/* End PBXResourcesBuildPhase section */

/* Begin PBXSourcesBuildPhase section */
		0E2B17242542894600A69A23 /* Sources */ = {
			isa = PBXSourcesBuildPhase;
			buildActionMask = 2147483647;
			files = (
				0E2B175F254289CC00A69A23 /* mViewController.swift in Sources */,
				0E2B17302542894600A69A23 /* ViewController.swift in Sources */,
				0E2B172C2542894600A69A23 /* AppDelegate.swift in Sources */,
				0E2B172E2542894600A69A23 /* SceneDelegate.swift in Sources */,
			);
			runOnlyForDeploymentPostprocessing = 0;
		};
		0E2B173A2542894700A69A23 /* Sources */ = {
			isa = PBXSourcesBuildPhase;
			buildActionMask = 2147483647;
			files = (
				0E2B17432542894700A69A23 /* _23Tests.swift in Sources */,
			);
			runOnlyForDeploymentPostprocessing = 0;
		};
		0E2B17452542894700A69A23 /* Sources */ = {
			isa = PBXSourcesBuildPhase;
			buildActionMask = 2147483647;
			files = (
				0E2B174E2542894700A69A23 /* _23UITests.swift in Sources */,
			);
			runOnlyForDeploymentPostprocessing = 0;
		};
/* End PBXSourcesBuildPhase section */

/* Begin PBXTargetDependency section */
		0E2B17402542894700A69A23 /* PBXTargetDependency */ = {
			isa = PBXTargetDependency;
			target = 0E2B17272542894600A69A23 /* 123 */;
			targetProxy = 0E2B173F2542894700A69A23 /* PBXContainerItemProxy */;
		};
		0E2B174B2542894700A69A23 /* PBXTargetDependency */ = {
			isa = PBXTargetDependency;
			target = 0E2B17272542894600A69A23 /* 123 */;
			targetProxy = 0E2B174A2542894700A69A23 /* PBXContainerItemProxy */;
		};
/* End PBXTargetDependency section */

/* Begin PBXVariantGroup section */
		0E2B17312542894600A69A23 /* Main.storyboard */ = {
			isa = PBXVariantGroup;
			children = (
				0E2B17322542894600A69A23 /* Base */,
			);
			name = Main.storyboard;
			sourceTree = "<group>";
		};
		0E2B17362542894700A69A23 /* LaunchScreen.storyboard */ = {
			isa = PBXVariantGroup;
			children = (
				0E2B17372542894700A69A23 /* Base */,
			);
			name = LaunchScreen.storyboard;
			sourceTree = "<group>";
		};
/* End PBXVariantGroup section */

/* Begin XCBuildConfiguration section */
		0E2B17502542894700A69A23 /* Debug */ = {
			isa = XCBuildConfiguration;
			buildSettings = {
				ALWAYS_SEARCH_USER_PATHS = NO;
				CLANG_ANALYZER_NONNULL = YES;
				CLANG_ANALYZER_NUMBER_OBJECT_CONVERSION = YES_AGGRESSIVE;
				CLANG_CXX_LANGUAGE_STANDARD = "gnu++14";
				CLANG_CXX_LIBRARY = "libc++";
				CLANG_ENABLE_MODULES = YES;
				CLANG_ENABLE_OBJC_ARC = YES;
				CLANG_ENABLE_OBJC_WEAK = YES;
				CLANG_WARN_BLOCK_CAPTURE_AUTORELEASING = YES;
				CLANG_WARN_BOOL_CONVERSION = YES;
				CLANG_WARN_COMMA = YES;
				CLANG_WARN_CONSTANT_CONVERSION = YES;
				CLANG_WARN_DEPRECATED_OBJC_IMPLEMENTATIONS = YES;
				CLANG_WARN_DIRECT_OBJC_ISA_USAGE = YES_ERROR;
				CLANG_WARN_DOCUMENTATION_COMMENTS = YES;
				CLANG_WARN_EMPTY_BODY = YES;
				CLANG_WARN_ENUM_CONVERSION = YES;
				CLANG_WARN_INFINITE_RECURSION = YES;
				CLANG_WARN_INT_CONVERSION = YES;
				CLANG_WARN_NON_LITERAL_NULL_CONVERSION = YES;
				CLANG_WARN_OBJC_IMPLICIT_RETAIN_SELF = YES;
				CLANG_WARN_OBJC_LITERAL_CONVERSION = YES;
				CLANG_WARN_OBJC_ROOT_CLASS = YES_ERROR;
				CLANG_WARN_QUOTED_INCLUDE_IN_FRAMEWORK_HEADER = YES;
				CLANG_WARN_RANGE_LOOP_ANALYSIS = YES;
				CLANG_WARN_STRICT_PROTOTYPES = YES;
				CLANG_WARN_SUSPICIOUS_MOVE = YES;
				CLANG_WARN_UNGUARDED_AVAILABILITY = YES_AGGRESSIVE;
				CLANG_WARN_UNREACHABLE_CODE = YES;
				CLANG_WARN__DUPLICATE_METHOD_MATCH = YES;
				COPY_PHASE_STRIP = NO;
				DEBUG_INFORMATION_FORMAT = dwarf;
				ENABLE_STRICT_OBJC_MSGSEND = YES;
				ENABLE_TESTABILITY = YES;
				GCC_C_LANGUAGE_STANDARD = gnu11;
				GCC_DYNAMIC_NO_PIC = NO;
				GCC_NO_COMMON_BLOCKS = YES;
				GCC_OPTIMIZATION_LEVEL = 0;
				GCC_PREPROCESSOR_DEFINITIONS = (
					"DEBUG=1",
					"$(inherited)",
				);
				GCC_WARN_64_TO_32_BIT_CONVERSION = YES;
				GCC_WARN_ABOUT_RETURN_TYPE = YES_ERROR;
				GCC_WARN_UNDECLARED_SELECTOR = YES;
				GCC_WARN_UNINITIALIZED_AUTOS = YES_AGGRESSIVE;
				GCC_WARN_UNUSED_FUNCTION = YES;
				GCC_WARN_UNUSED_VARIABLE = YES;
				IPHONEOS_DEPLOYMENT_TARGET = 14.0;
				MTL_ENABLE_DEBUG_INFO = INCLUDE_SOURCE;
				MTL_FAST_MATH = YES;
				ONLY_ACTIVE_ARCH = YES;
				SDKROOT = iphoneos;
				SWIFT_ACTIVE_COMPILATION_CONDITIONS = DEBUG;
				SWIFT_OPTIMIZATION_LEVEL = "-Onone";
			};
			name = Debug;
		};
		0E2B17512542894700A69A23 /* Release */ = {
			isa = XCBuildConfiguration;
			buildSettings = {
				ALWAYS_SEARCH_USER_PATHS = NO;
				CLANG_ANALYZER_NONNULL = YES;
				CLANG_ANALYZER_NUMBER_OBJECT_CONVERSION = YES_AGGRESSIVE;
				CLANG_CXX_LANGUAGE_STANDARD = "gnu++14";
				CLANG_CXX_LIBRARY = "libc++";
				CLANG_ENABLE_MODULES = YES;
				CLANG_ENABLE_OBJC_ARC = YES;
				CLANG_ENABLE_OBJC_WEAK = YES;
				CLANG_WARN_BLOCK_CAPTURE_AUTORELEASING = YES;
				CLANG_WARN_BOOL_CONVERSION = YES;
				CLANG_WARN_COMMA = YES;
				CLANG_WARN_CONSTANT_CONVERSION = YES;
				CLANG_WARN_DEPRECATED_OBJC_IMPLEMENTATIONS = YES;
				CLANG_WARN_DIRECT_OBJC_ISA_USAGE = YES_ERROR;
				CLANG_WARN_DOCUMENTATION_COMMENTS = YES;
				CLANG_WARN_EMPTY_BODY = YES;
				CLANG_WARN_ENUM_CONVERSION = YES;
				CLANG_WARN_INFINITE_RECURSION = YES;
				CLANG_WARN_INT_CONVERSION = YES;
				CLANG_WARN_NON_LITERAL_NULL_CONVERSION = YES;
				CLANG_WARN_OBJC_IMPLICIT_RETAIN_SELF = YES;
				CLANG_WARN_OBJC_LITERAL_CONVERSION = YES;
				CLANG_WARN_OBJC_ROOT_CLASS = YES_ERROR;
				CLANG_WARN_QUOTED_INCLUDE_IN_FRAMEWORK_HEADER = YES;
				CLANG_WARN_RANGE_LOOP_ANALYSIS = YES;
				CLANG_WARN_STRICT_PROTOTYPES = YES;
				CLANG_WARN_SUSPICIOUS_MOVE = YES;
				CLANG_WARN_UNGUARDED_AVAILABILITY = YES_AGGRESSIVE;
				CLANG_WARN_UNREACHABLE_CODE = YES;
				CLANG_WARN__DUPLICATE_METHOD_MATCH = YES;
				COPY_PHASE_STRIP = NO;
				DEBUG_INFORMATION_FORMAT = "dwarf-with-dsym";
				ENABLE_NS_ASSERTIONS = NO;
				ENABLE_STRICT_OBJC_MSGSEND = YES;
				GCC_C_LANGUAGE_STANDARD = gnu11;
				GCC_NO_COMMON_BLOCKS = YES;
				GCC_WARN_64_TO_32_BIT_CONVERSION = YES;
				GCC_WARN_ABOUT_RETURN_TYPE = YES_ERROR;
				GCC_WARN_UNDECLARED_SELECTOR = YES;
				GCC_WARN_UNINITIALIZED_AUTOS = YES_AGGRESSIVE;
				GCC_WARN_UNUSED_FUNCTION = YES;
				GCC_WARN_UNUSED_VARIABLE = YES;
				IPHONEOS_DEPLOYMENT_TARGET = 14.0;
				MTL_ENABLE_DEBUG_INFO = NO;
				MTL_FAST_MATH = YES;
				SDKROOT = iphoneos;
				SWIFT_COMPILATION_MODE = wholemodule;
				SWIFT_OPTIMIZATION_LEVEL = "-O";
				VALIDATE_PRODUCT = YES;
			};
			name = Release;
		};
		0E2B17532542894700A69A23 /* Debug */ = {
			isa = XCBuildConfiguration;
			buildSettings = {
				ASSETCATALOG_COMPILER_APPICON_NAME = AppIcon;
				ASSETCATALOG_COMPILER_GLOBAL_ACCENT_COLOR_NAME = AccentColor;
				CODE_SIGN_STYLE = Automatic;
				DEVELOPMENT_TEAM = 692V7547JH;
				INFOPLIST_FILE = 123/Info.plist;
				LD_RUNPATH_SEARCH_PATHS = (
					"$(inherited)",
					"@executable_path/Frameworks",
				);
				PRODUCT_BUNDLE_IDENTIFIER = "iosstart.-23";
				PRODUCT_NAME = "$(TARGET_NAME)";
				SWIFT_VERSION = 5.0;
				TARGETED_DEVICE_FAMILY = "1,2";
			};
			name = Debug;
		};
		0E2B17542542894700A69A23 /* Release */ = {
			isa = XCBuildConfiguration;
			buildSettings = {
				ASSETCATALOG_COMPILER_APPICON_NAME = AppIcon;
				ASSETCATALOG_COMPILER_GLOBAL_ACCENT_COLOR_NAME = AccentColor;
				CODE_SIGN_STYLE = Automatic;
				DEVELOPMENT_TEAM = 692V7547JH;
				INFOPLIST_FILE = 123/Info.plist;
				LD_RUNPATH_SEARCH_PATHS = (
					"$(inherited)",
					"@executable_path/Frameworks",
				);
				PRODUCT_BUNDLE_IDENTIFIER = "iosstart.-23";
				PRODUCT_NAME = "$(TARGET_NAME)";
				SWIFT_VERSION = 5.0;
				TARGETED_DEVICE_FAMILY = "1,2";
			};
			name = Release;
		};
		0E2B17562542894700A69A23 /* Debug */ = {
			isa = XCBuildConfiguration;
			buildSettings = {
				ALWAYS_EMBED_SWIFT_STANDARD_LIBRARIES = YES;
				BUNDLE_LOADER = "$(TEST_HOST)";
				CODE_SIGN_STYLE = Automatic;
				DEVELOPMENT_TEAM = 692V7547JH;
				INFOPLIST_FILE = 123Tests/Info.plist;
				IPHONEOS_DEPLOYMENT_TARGET = 14.0;
				LD_RUNPATH_SEARCH_PATHS = (
					"$(inherited)",
					"@executable_path/Frameworks",
					"@loader_path/Frameworks",
				);
				PRODUCT_BUNDLE_IDENTIFIER = "iosstart.-23Tests";
				PRODUCT_NAME = "$(TARGET_NAME)";
				SWIFT_VERSION = 5.0;
				TARGETED_DEVICE_FAMILY = "1,2";
				TEST_HOST = "$(BUILT_PRODUCTS_DIR)/123.app/123";
			};
			name = Debug;
		};
		0E2B17572542894700A69A23 /* Release */ = {
			isa = XCBuildConfiguration;
			buildSettings = {
				ALWAYS_EMBED_SWIFT_STANDARD_LIBRARIES = YES;
				BUNDLE_LOADER = "$(TEST_HOST)";
				CODE_SIGN_STYLE = Automatic;
				DEVELOPMENT_TEAM = 692V7547JH;
				INFOPLIST_FILE = 123Tests/Info.plist;
				IPHONEOS_DEPLOYMENT_TARGET = 14.0;
				LD_RUNPATH_SEARCH_PATHS = (
					"$(inherited)",
					"@executable_path/Frameworks",
					"@loader_path/Frameworks",
				);
				PRODUCT_BUNDLE_IDENTIFIER = "iosstart.-23Tests";
				PRODUCT_NAME = "$(TARGET_NAME)";
				SWIFT_VERSION = 5.0;
				TARGETED_DEVICE_FAMILY = "1,2";
				TEST_HOST = "$(BUILT_PRODUCTS_DIR)/123.app/123";
			};
			name = Release;
		};
		0E2B17592542894700A69A23 /* Debug */ = {
			isa = XCBuildConfiguration;
			buildSettings = {
				ALWAYS_EMBED_SWIFT_STANDARD_LIBRARIES = YES;
				CODE_SIGN_STYLE = Automatic;
				DEVELOPMENT_TEAM = 692V7547JH;
				INFOPLIST_FILE = 123UITests/Info.plist;
				LD_RUNPATH_SEARCH_PATHS = (
					"$(inherited)",
					"@executable_path/Frameworks",
					"@loader_path/Frameworks",
				);
				PRODUCT_BUNDLE_IDENTIFIER = "iosstart.-23UITests";
				PRODUCT_NAME = "$(TARGET_NAME)";
				SWIFT_VERSION = 5.0;
				TARGETED_DEVICE_FAMILY = "1,2";
				TEST_TARGET_NAME = 123;
			};
			name = Debug;
		};
		0E2B175A2542894700A69A23 /* Release */ = {
			isa = XCBuildConfiguration;
			buildSettings = {
				ALWAYS_EMBED_SWIFT_STANDARD_LIBRARIES = YES;
				CODE_SIGN_STYLE = Automatic;
				DEVELOPMENT_TEAM = 692V7547JH;
				INFOPLIST_FILE = 123UITests/Info.plist;
				LD_RUNPATH_SEARCH_PATHS = (
					"$(inherited)",
					"@executable_path/Frameworks",
					"@loader_path/Frameworks",
				);
				PRODUCT_BUNDLE_IDENTIFIER = "iosstart.-23UITests";
				PRODUCT_NAME = "$(TARGET_NAME)";
				SWIFT_VERSION = 5.0;
				TARGETED_DEVICE_FAMILY = "1,2";
				TEST_TARGET_NAME = 123;
			};
			name = Release;
		};
/* End XCBuildConfiguration section */

/* Begin XCConfigurationList section */
		0E2B17232542894600A69A23 /* Build configuration list for PBXProject "123" */ = {
			isa = XCConfigurationList;
			buildConfigurations = (
				0E2B17502542894700A69A23 /* Debug */,
				0E2B17512542894700A69A23 /* Release */,
			);
			defaultConfigurationIsVisible = 0;
			defaultConfigurationName = Release;
		};
		0E2B17522542894700A69A23 /* Build configuration list for PBXNativeTarget "123" */ = {
			isa = XCConfigurationList;
			buildConfigurations = (
				0E2B17532542894700A69A23 /* Debug */,
				0E2B17542542894700A69A23 /* Release */,
			);
			defaultConfigurationIsVisible = 0;
			defaultConfigurationName = Release;
		};
		0E2B17552542894700A69A23 /* Build configuration list for PBXNativeTarget "123Tests" */ = {
			isa = XCConfigurationList;
			buildConfigurations = (
				0E2B17562542894700A69A23 /* Debug */,
				0E2B17572542894700A69A23 /* Release */,
			);
			defaultConfigurationIsVisible = 0;
			defaultConfigurationName = Release;
		};
		0E2B17582542894700A69A23 /* Build configuration list for PBXNativeTarget "123UITests" */ = {
			isa = XCConfigurationList;
			buildConfigurations = (
				0E2B17592542894700A69A23 /* Debug */,
				0E2B175A2542894700A69A23 /* Release */,
			);
			defaultConfigurationIsVisible = 0;
			defaultConfigurationName = Release;
		};
/* End XCConfigurationList section */
	};
	rootObject = 0E2B17202542894600A69A23 /* Project object */;
}
